// !$*UTF8*$!
{
	archiveVersion = 1;
	classes = {
	};
	objectVersion = 55;
	objects = {

/* Begin PBXBuildFile section */
		29A3B74F280F334800323792 /* Lesson_6_module_4_experimentApp.swift in Sources */ = {isa = PBXBuildFile; fileRef = 29A3B74E280F334800323792 /* Lesson_6_module_4_experimentApp.swift */; };
		29A3B751280F334800323792 /* ContentView.swift in Sources */ = {isa = PBXBuildFile; fileRef = 29A3B750280F334800323792 /* ContentView.swift */; };
		29A3B753280F334D00323792 /* Assets.xcassets in Resources */ = {isa = PBXBuildFile; fileRef = 29A3B752280F334D00323792 /* Assets.xcassets */; };
		29A3B756280F334D00323792 /* Preview Assets.xcassets in Resources */ = {isa = PBXBuildFile; fileRef = 29A3B755280F334D00323792 /* Preview Assets.xcassets */; };
		29A3B75D280F339900323792 /* DataServices.swift in Sources */ = {isa = PBXBuildFile; fileRef = 29A3B75C280F339900323792 /* DataServices.swift */; };
		29A3B766280F35CC00323792 /* identities.json in Resources */ = {isa = PBXBuildFile; fileRef = 29A3B765280F35CC00323792 /* identities.json */; };
		29A3B769280F367600323792 /* peopleModel.swift in Sources */ = {isa = PBXBuildFile; fileRef = 29A3B768280F367600323792 /* peopleModel.swift */; };
		29AF0C57281052020088A3D4 /* PeopleViewModel.swift in Sources */ = {isa = PBXBuildFile; fileRef = 29AF0C56281052020088A3D4 /* PeopleViewModel.swift */; };
/* End PBXBuildFile section */

/* Begin PBXFileReference section */
		29A3B74B280F334800323792 /* Lesson 6 module 4 experiment.app */ = {isa = PBXFileReference; explicitFileType = wrapper.application; includeInIndex = 0; path = "Lesson 6 module 4 experiment.app"; sourceTree = BUILT_PRODUCTS_DIR; };
		29A3B74E280F334800323792 /* Lesson_6_module_4_experimentApp.swift */ = {isa = PBXFileReference; lastKnownFileType = sourcecode.swift; path = Lesson_6_module_4_experimentApp.swift; sourceTree = "<group>"; };
		29A3B750280F334800323792 /* ContentView.swift */ = {isa = PBXFileReference; lastKnownFileType = sourcecode.swift; path = ContentView.swift; sourceTree = "<group>"; };
		29A3B752280F334D00323792 /* Assets.xcassets */ = {isa = PBXFileReference; lastKnownFileType = folder.assetcatalog; path = Assets.xcassets; sourceTree = "<group>"; };
		29A3B755280F334D00323792 /* Preview Assets.xcassets */ = {isa = PBXFileReference; lastKnownFileType = folder.assetcatalog; path = "Preview Assets.xcassets"; sourceTree = "<group>"; };
		29A3B75C280F339900323792 /* DataServices.swift */ = {isa = PBXFileReference; lastKnownFileType = sourcecode.swift; path = DataServices.swift; sourceTree = "<group>"; };
		29A3B765280F35CC00323792 /* identities.json */ = {isa = PBXFileReference; lastKnownFileType = text.json; path = identities.json; sourceTree = "<group>"; };
		29A3B768280F367600323792 /* peopleModel.swift */ = {isa = PBXFileReference; lastKnownFileType = sourcecode.swift; path = peopleModel.swift; sourceTree = "<group>"; };
		29AF0C56281052020088A3D4 /* PeopleViewModel.swift */ = {isa = PBXFileReference; lastKnownFileType = sourcecode.swift; path = PeopleViewModel.swift; sourceTree = "<group>"; };
/* End PBXFileReference section */

/* Begin PBXFrameworksBuildPhase section */
		29A3B748280F334800323792 /* Frameworks */ = {
			isa = PBXFrameworksBuildPhase;
			buildActionMask = 2147483647;
			files = (
			);
			runOnlyForDeploymentPostprocessing = 0;
		};
/* End PBXFrameworksBuildPhase section */

/* Begin PBXGroup section */
		29A3B742280F334800323792 = {
			isa = PBXGroup;
			children = (
				29A3B74D280F334800323792 /* Lesson 6 module 4 experiment */,
				29A3B74C280F334800323792 /* Products */,
			);
			sourceTree = "<group>";
		};
		29A3B74C280F334800323792 /* Products */ = {
			isa = PBXGroup;
			children = (
				29A3B74B280F334800323792 /* Lesson 6 module 4 experiment.app */,
			);
			name = Products;
			sourceTree = "<group>";
		};
		29A3B74D280F334800323792 /* Lesson 6 module 4 experiment */ = {
			isa = PBXGroup;
			children = (
				29A3B74E280F334800323792 /* Lesson_6_module_4_experimentApp.swift */,
				29A3B76E280F5DE100323792 /* Views */,
				29A3B76B280F5B9F00323792 /* ViewModel */,
				29A3B76A280F371E00323792 /* Services */,
				29A3B767280F364A00323792 /* Models */,
				29A3B764280F359000323792 /* Data */,
				29A3B752280F334D00323792 /* Assets.xcassets */,
				29A3B754280F334D00323792 /* Preview Content */,
			);
			path = "Lesson 6 module 4 experiment";
			sourceTree = "<group>";
		};
		29A3B754280F334D00323792 /* Preview Content */ = {
			isa = PBXGroup;
			children = (
				29A3B755280F334D00323792 /* Preview Assets.xcassets */,
			);
			path = "Preview Content";
			sourceTree = "<group>";
		};
		29A3B764280F359000323792 /* Data */ = {
			isa = PBXGroup;
			children = (
				29A3B765280F35CC00323792 /* identities.json */,
			);
			path = Data;
			sourceTree = "<group>";
		};
		29A3B767280F364A00323792 /* Models */ = {
			isa = PBXGroup;
			children = (
				29A3B768280F367600323792 /* peopleModel.swift */,
			);
			path = Models;
			sourceTree = "<group>";
		};
		29A3B76A280F371E00323792 /* Services */ = {
			isa = PBXGroup;
			children = (
				29A3B75C280F339900323792 /* DataServices.swift */,
			);
			path = Services;
			sourceTree = "<group>";
		};
		29A3B76B280F5B9F00323792 /* ViewModel */ = {
			isa = PBXGroup;
			children = (
				29AF0C56281052020088A3D4 /* PeopleViewModel.swift */,
			);
			path = ViewModel;
			sourceTree = "<group>";
		};
		29A3B76E280F5DE100323792 /* Views */ = {
			isa = PBXGroup;
			children = (
				29A3B750280F334800323792 /* ContentView.swift */,
			);
			path = Views;
			sourceTree = "<group>";
		};
/* End PBXGroup section */

/* Begin PBXNativeTarget section */
		29A3B74A280F334800323792 /* Lesson 6 module 4 experiment */ = {
			isa = PBXNativeTarget;
			buildConfigurationList = 29A3B759280F334D00323792 /* Build configuration list for PBXNativeTarget "Lesson 6 module 4 experiment" */;
			buildPhases = (
				29A3B747280F334800323792 /* Sources */,
				29A3B748280F334800323792 /* Frameworks */,
				29A3B749280F334800323792 /* Resources */,
			);
			buildRules = (
			);
			dependencies = (
			);
			name = "Lesson 6 module 4 experiment";
			productName = "Lesson 6 module 4 experiment";
			productReference = 29A3B74B280F334800323792 /* Lesson 6 module 4 experiment.app */;
			productType = "com.apple.product-type.application";
		};
/* End PBXNativeTarget section */

/* Begin PBXProject section */
		29A3B743280F334800323792 /* Project object */ = {
			isa = PBXProject;
			attributes = {
				BuildIndependentTargetsInParallel = 1;
				LastSwiftUpdateCheck = 1330;
				LastUpgradeCheck = 1330;
				TargetAttributes = {
					29A3B74A280F334800323792 = {
						CreatedOnToolsVersion = 13.3.1;
					};
				};
			};
			buildConfigurationList = 29A3B746280F334800323792 /* Build configuration list for PBXProject "Lesson 6 module 4 experiment" */;
			compatibilityVersion = "Xcode 13.0";
			developmentRegion = en;
			hasScannedForEncodings = 0;
			knownRegions = (
				en,
				Base,
			);
			mainGroup = 29A3B742280F334800323792;
			productRefGroup = 29A3B74C280F334800323792 /* Products */;
			projectDirPath = "";
			projectRoot = "";
			targets = (
				29A3B74A280F334800323792 /* Lesson 6 module 4 experiment */,
			);
		};
/* End PBXProject section */

/* Begin PBXResourcesBuildPhase section */
		29A3B749280F334800323792 /* Resources */ = {
			isa = PBXResourcesBuildPhase;
			buildActionMask = 2147483647;
			files = (
				29A3B766280F35CC00323792 /* identities.json in Resources */,
				29A3B756280F334D00323792 /* Preview Assets.xcassets in Resources */,
				29A3B753280F334D00323792 /* Assets.xcassets in Resources */,
			);
			runOnlyForDeploymentPostprocessing = 0;
		};
/* End PBXResourcesBuildPhase section */

/* Begin PBXSourcesBuildPhase section */
		29A3B747280F334800323792 /* Sources */ = {
			isa = PBXSourcesBuildPhase;
			buildActionMask = 2147483647;
			files = (
				29A3B75D280F339900323792 /* DataServices.swift in Sources */,
				29A3B751280F334800323792 /* ContentView.swift in Sources */,
				29A3B769280F367600323792 /* peopleModel.swift in Sources */,
				29AF0C57281052020088A3D4 /* PeopleViewModel.swift in Sources */,
				29A3B74F280F334800323792 /* Lesson_6_module_4_experimentApp.swift in Sources */,
			);
			runOnlyForDeploymentPostprocessing = 0;
		};
/* End PBXSourcesBuildPhase section */

/* Begin XCBuildConfiguration section */
		29A3B757280F334D00323792 /* Debug */ = {
			isa = XCBuildConfiguration;
			buildSettings = {
				ALWAYS_SEARCH_USER_PATHS = NO;
				CLANG_ANALYZER_NONNULL = YES;
				CLANG_ANALYZER_NUMBER_OBJECT_CONVERSION = YES_AGGRESSIVE;
				CLANG_CXX_LANGUAGE_STANDARD = "gnu++17";
				CLANG_ENABLE_MODULES = YES;
				CLANG_ENABLE_OBJC_ARC = YES;
				CLANG_ENABLE_OBJC_WEAK = YES;
				CLANG_WARN_BLOCK_CAPTURE_AUTORELEASING = YES;
				CLANG_WARN_BOOL_CONVERSION = YES;
				CLANG_WARN_COMMA = YES;
				CLANG_WARN_CONSTANT_CONVERSION = YES;
				CLANG_WARN_DEPRECATED_OBJC_IMPLEMENTATIONS = YES;
				CLANG_WARN_DIRECT_OBJC_ISA_USAGE = YES_ERROR;
				CLANG_WARN_DOCUMENTATION_COMMENTS = YES;
				CLANG_WARN_EMPTY_BODY = YES;
				CLANG_WARN_ENUM_CONVERSION = YES;
				CLANG_WARN_INFINITE_RECURSION = YES;
				CLANG_WARN_INT_CONVERSION = YES;
				CLANG_WARN_NON_LITERAL_NULL_CONVERSION = YES;
				CLANG_WARN_OBJC_IMPLICIT_RETAIN_SELF = YES;
				CLANG_WARN_OBJC_LITERAL_CONVERSION = YES;
				CLANG_WARN_OBJC_ROOT_CLASS = YES_ERROR;
				CLANG_WARN_QUOTED_INCLUDE_IN_FRAMEWORK_HEADER = YES;
				CLANG_WARN_RANGE_LOOP_ANALYSIS = YES;
				CLANG_WARN_STRICT_PROTOTYPES = YES;
				CLANG_WARN_SUSPICIOUS_MOVE = YES;
				CLANG_WARN_UNGUARDED_AVAILABILITY = YES_AGGRESSIVE;
				CLANG_WARN_UNREACHABLE_CODE = YES;
				CLANG_WARN__DUPLICATE_METHOD_MATCH = YES;
				COPY_PHASE_STRIP = NO;
				DEBUG_INFORMATION_FORMAT = dwarf;
				ENABLE_STRICT_OBJC_MSGSEND = YES;
				ENABLE_TESTABILITY = YES;
				GCC_C_LANGUAGE_STANDARD = gnu11;
				GCC_DYNAMIC_NO_PIC = NO;
				GCC_NO_COMMON_BLOCKS = YES;
				GCC_OPTIMIZATION_LEVEL = 0;
				GCC_PREPROCESSOR_DEFINITIONS = (
					"DEBUG=1",
					"$(inherited)",
				);
				GCC_WARN_64_TO_32_BIT_CONVERSION = YES;
				GCC_WARN_ABOUT_RETURN_TYPE = YES_ERROR;
				GCC_WARN_UNDECLARED_SELECTOR = YES;
				GCC_WARN_UNINITIALIZED_AUTOS = YES_AGGRESSIVE;
				GCC_WARN_UNUSED_FUNCTION = YES;
				GCC_WARN_UNUSED_VARIABLE = YES;
				IPHONEOS_DEPLOYMENT_TARGET = 15.4;
				MTL_ENABLE_DEBUG_INFO = INCLUDE_SOURCE;
				MTL_FAST_MATH = YES;
				ONLY_ACTIVE_ARCH = YES;
				SDKROOT = iphoneos;
				SWIFT_ACTIVE_COMPILATION_CONDITIONS = DEBUG;
				SWIFT_OPTIMIZATION_LEVEL = "-Onone";
			};
			name = Debug;
		};
		29A3B758280F334D00323792 /* Release */ = {
			isa = XCBuildConfiguration;
			buildSettings = {
				ALWAYS_SEARCH_USER_PATHS = NO;
				CLANG_ANALYZER_NONNULL = YES;
				CLANG_ANALYZER_NUMBER_OBJECT_CONVERSION = YES_AGGRESSIVE;
				CLANG_CXX_LANGUAGE_STANDARD = "gnu++17";
				CLANG_ENABLE_MODULES = YES;
				CLANG_ENABLE_OBJC_ARC = YES;
				CLANG_ENABLE_OBJC_WEAK = YES;
				CLANG_WARN_BLOCK_CAPTURE_AUTORELEASING = YES;
				CLANG_WARN_BOOL_CONVERSION = YES;
				CLANG_WARN_COMMA = YES;
				CLANG_WARN_CONSTANT_CONVERSION = YES;
				CLANG_WARN_DEPRECATED_OBJC_IMPLEMENTATIONS = YES;
				CLANG_WARN_DIRECT_OBJC_ISA_USAGE = YES_ERROR;
				CLANG_WARN_DOCUMENTATION_COMMENTS = YES;
				CLANG_WARN_EMPTY_BODY = YES;
				CLANG_WARN_ENUM_CONVERSION = YES;
				CLANG_WARN_INFINITE_RECURSION = YES;
				CLANG_WARN_INT_CONVERSION = YES;
				CLANG_WARN_NON_LITERAL_NULL_CONVERSION = YES;
				CLANG_WARN_OBJC_IMPLICIT_RETAIN_SELF = YES;
				CLANG_WARN_OBJC_LITERAL_CONVERSION = YES;
				CLANG_WARN_OBJC_ROOT_CLASS = YES_ERROR;
				CLANG_WARN_QUOTED_INCLUDE_IN_FRAMEWORK_HEADER = YES;
				CLANG_WARN_RANGE_LOOP_ANALYSIS = YES;
				CLANG_WARN_STRICT_PROTOTYPES = YES;
				CLANG_WARN_SUSPICIOUS_MOVE = YES;
				CLANG_WARN_UNGUARDED_AVAILABILITY = YES_AGGRESSIVE;
				CLANG_WARN_UNREACHABLE_CODE = YES;
				CLANG_WARN__DUPLICATE_METHOD_MATCH = YES;
				COPY_PHASE_STRIP = NO;
				DEBUG_INFORMATION_FORMAT = "dwarf-with-dsym";
				ENABLE_NS_ASSERTIONS = NO;
				ENABLE_STRICT_OBJC_MSGSEND = YES;
				GCC_C_LANGUAGE_STANDARD = gnu11;
				GCC_NO_COMMON_BLOCKS = YES;
				GCC_WARN_64_TO_32_BIT_CONVERSION = YES;
				GCC_WARN_ABOUT_RETURN_TYPE = YES_ERROR;
				GCC_WARN_UNDECLARED_SELECTOR = YES;
				GCC_WARN_UNINITIALIZED_AUTOS = YES_AGGRESSIVE;
				GCC_WARN_UNUSED_FUNCTION = YES;
				GCC_WARN_UNUSED_VARIABLE = YES;
				IPHONEOS_DEPLOYMENT_TARGET = 15.4;
				MTL_ENABLE_DEBUG_INFO = NO;
				MTL_FAST_MATH = YES;
				SDKROOT = iphoneos;
				SWIFT_COMPILATION_MODE = wholemodule;
				SWIFT_OPTIMIZATION_LEVEL = "-O";
				VALIDATE_PRODUCT = YES;
			};
			name = Release;
		};
		29A3B75A280F334D00323792 /* Debug */ = {
			isa = XCBuildConfiguration;
			buildSettings = {
				ASSETCATALOG_COMPILER_APPICON_NAME = AppIcon;
				ASSETCATALOG_COMPILER_GLOBAL_ACCENT_COLOR_NAME = AccentColor;
				CODE_SIGN_STYLE = Automatic;
				CURRENT_PROJECT_VERSION = 1;
				DEVELOPMENT_ASSET_PATHS = "\"Lesson 6 module 4 experiment/Preview Content\"";
				DEVELOPMENT_TEAM = 5RK2T39T86;
				ENABLE_PREVIEWS = YES;
				GENERATE_INFOPLIST_FILE = YES;
				INFOPLIST_KEY_UIApplicationSceneManifest_Generation = YES;
				INFOPLIST_KEY_UIApplicationSupportsIndirectInputEvents = YES;
				INFOPLIST_KEY_UILaunchScreen_Generation = YES;
				INFOPLIST_KEY_UISupportedInterfaceOrientations_iPad = "UIInterfaceOrientationPortrait UIInterfaceOrientationPortraitUpsideDown UIInterfaceOrientationLandscapeLeft UIInterfaceOrientationLandscapeRight";
				INFOPLIST_KEY_UISupportedInterfaceOrientations_iPhone = "UIInterfaceOrientationPortrait UIInterfaceOrientationLandscapeLeft UIInterfaceOrientationLandscapeRight";
				LD_RUNPATH_SEARCH_PATHS = (
					"$(inherited)",
					"@executable_path/Frameworks",
				);
				MARKETING_VERSION = 1.0;
				PRODUCT_BUNDLE_IDENTIFIER = "Terry.Lesson-6-module-4-experiment";
				PRODUCT_NAME = "$(TARGET_NAME)";
				SWIFT_EMIT_LOC_STRINGS = YES;
				SWIFT_VERSION = 5.0;
				TARGETED_DEVICE_FAMILY = "1,2";
			};
			name = Debug;
		};
		29A3B75B280F334D00323792 /* Release */ = {
			isa = XCBuildConfiguration;
			buildSettings = {
				ASSETCATALOG_COMPILER_APPICON_NAME = AppIcon;
				ASSETCATALOG_COMPILER_GLOBAL_ACCENT_COLOR_NAME = AccentColor;
				CODE_SIGN_STYLE = Automatic;
				CURRENT_PROJECT_VERSION = 1;
				DEVELOPMENT_ASSET_PATHS = "\"Lesson 6 module 4 experiment/Preview Content\"";
				DEVELOPMENT_TEAM = 5RK2T39T86;
				ENABLE_PREVIEWS = YES;
				GENERATE_INFOPLIST_FILE = YES;
				INFOPLIST_KEY_UIApplicationSceneManifest_Generation = YES;
				INFOPLIST_KEY_UIApplicationSupportsIndirectInputEvents = YES;
				INFOPLIST_KEY_UILaunchScreen_Generation = YES;
				INFOPLIST_KEY_UISupportedInterfaceOrientations_iPad = "UIInterfaceOrientationPortrait UIInterfaceOrientationPortraitUpsideDown UIInterfaceOrientationLandscapeLeft UIInterfaceOrientationLandscapeRight";
				INFOPLIST_KEY_UISupportedInterfaceOrientations_iPhone = "UIInterfaceOrientationPortrait UIInterfaceOrientationLandscapeLeft UIInterfaceOrientationLandscapeRight";
				LD_RUNPATH_SEARCH_PATHS = (
					"$(inherited)",
					"@executable_path/Frameworks",
				);
				MARKETING_VERSION = 1.0;
				PRODUCT_BUNDLE_IDENTIFIER = "Terry.Lesson-6-module-4-experiment";
				PRODUCT_NAME = "$(TARGET_NAME)";
				SWIFT_EMIT_LOC_STRINGS = YES;
				SWIFT_VERSION = 5.0;
				TARGETED_DEVICE_FAMILY = "1,2";
			};
			name = Release;
		};
/* End XCBuildConfiguration section */

/* Begin XCConfigurationList section */
		29A3B746280F334800323792 /* Build configuration list for PBXProject "Lesson 6 module 4 experiment" */ = {
			isa = XCConfigurationList;
			buildConfigurations = (
				29A3B757280F334D00323792 /* Debug */,
				29A3B758280F334D00323792 /* Release */,
			);
			defaultConfigurationIsVisible = 0;
			defaultConfigurationName = Release;
		};
		29A3B759280F334D00323792 /* Build configuration list for PBXNativeTarget "Lesson 6 module 4 experiment" */ = {
			isa = XCConfigurationList;
			buildConfigurations = (
				29A3B75A280F334D00323792 /* Debug */,
				29A3B75B280F334D00323792 /* Release */,
			);
			defaultConfigurationIsVisible = 0;
			defaultConfigurationName = Release;
		};
/* End XCConfigurationList section */
	};
	rootObject = 29A3B743280F334800323792 /* Project object */;
}
